// !$*UTF8*$!
{
	archiveVersion = 1;
	classes = {
	};
	objectVersion = 46;
	objects = {

/* Begin PBXBuildFile section */
		0EA6B9761E6AB69300315612 /* iOSVersionTests.swift in Sources */ = {isa = PBXBuildFile; fileRef = 0EA6B9751E6AB69300315612 /* iOSVersionTests.swift */; };
		0EA6B9791E6AB6F600315612 /* MacVersionTests.swift in Sources */ = {isa = PBXBuildFile; fileRef = 0EA6B9781E6AB6F600315612 /* MacVersionTests.swift */; };
		1FC73D041D244B87005F81DA /* Interface.storyboard in Resources */ = {isa = PBXBuildFile; fileRef = 1FC73D021D244B87005F81DA /* Interface.storyboard */; };
		1FC73D061D244B87005F81DA /* Assets.xcassets in Resources */ = {isa = PBXBuildFile; fileRef = 1FC73D051D244B87005F81DA /* Assets.xcassets */; };
		1FC73D0D1D244B87005F81DA /* SDwatchOSVersion Extension.appex in Embed App Extensions */ = {isa = PBXBuildFile; fileRef = 1FC73D0C1D244B87005F81DA /* SDwatchOSVersion Extension.appex */; settings = {ATTRIBUTES = (RemoveHeadersOnCopy, ); }; };
		1FC73D131D244B87005F81DA /* InterfaceController.m in Sources */ = {isa = PBXBuildFile; fileRef = 1FC73D121D244B87005F81DA /* InterfaceController.m */; };
		1FC73D161D244B87005F81DA /* ExtensionDelegate.m in Sources */ = {isa = PBXBuildFile; fileRef = 1FC73D151D244B87005F81DA /* ExtensionDelegate.m */; };
		1FC73D181D244B87005F81DA /* Assets.xcassets in Resources */ = {isa = PBXBuildFile; fileRef = 1FC73D171D244B87005F81DA /* Assets.xcassets */; };
		1FC73D1C1D244B87005F81DA /* SDwatchOSVersion.app in Embed Watch Content */ = {isa = PBXBuildFile; fileRef = 1FC73D001D244B87005F81DA /* SDwatchOSVersion.app */; };
		1FC73D291D244C93005F81DA /* SDwatchOSVersion.m in Sources */ = {isa = PBXBuildFile; fileRef = 1FC73D281D244C93005F81DA /* SDwatchOSVersion.m */; };
		1FE53CC31D3FF490005739A5 /* main.m in Sources */ = {isa = PBXBuildFile; fileRef = 1FE53CC21D3FF490005739A5 /* main.m */; };
		1FE53CC61D3FF490005739A5 /* AppDelegate.m in Sources */ = {isa = PBXBuildFile; fileRef = 1FE53CC51D3FF490005739A5 /* AppDelegate.m */; };
		1FE53CC91D3FF490005739A5 /* ViewController.m in Sources */ = {isa = PBXBuildFile; fileRef = 1FE53CC81D3FF490005739A5 /* ViewController.m */; };
		1FE53CCC1D3FF490005739A5 /* Main.storyboard in Resources */ = {isa = PBXBuildFile; fileRef = 1FE53CCA1D3FF490005739A5 /* Main.storyboard */; };
		1FE53CCE1D3FF490005739A5 /* Assets.xcassets in Resources */ = {isa = PBXBuildFile; fileRef = 1FE53CCD1D3FF490005739A5 /* Assets.xcassets */; };
		1FE53CD91D3FF491005739A5 /* SDtvOSVersionTests.m in Sources */ = {isa = PBXBuildFile; fileRef = 1FE53CD81D3FF491005739A5 /* SDtvOSVersionTests.m */; };
		1FE53CE11D3FF4A3005739A5 /* SDtvOSVersion.m in Sources */ = {isa = PBXBuildFile; fileRef = 1FE53CB91D3FF468005739A5 /* SDtvOSVersion.m */; };
		9A6DB5E91B8E82D00065EA11 /* AppDelegate.m in Sources */ = {isa = PBXBuildFile; fileRef = 9A6DB5DF1B8E82D00065EA11 /* AppDelegate.m */; };
		9A6DB5EA1B8E82D00065EA11 /* LaunchScreen.xib in Resources */ = {isa = PBXBuildFile; fileRef = 9A6DB5E01B8E82D00065EA11 /* LaunchScreen.xib */; };
		9A6DB5EB1B8E82D00065EA11 /* Main.storyboard in Resources */ = {isa = PBXBuildFile; fileRef = 9A6DB5E21B8E82D00065EA11 /* Main.storyboard */; };
		9A6DB5EC1B8E82D00065EA11 /* Images.xcassets in Resources */ = {isa = PBXBuildFile; fileRef = 9A6DB5E41B8E82D00065EA11 /* Images.xcassets */; };
		9A6DB5EE1B8E82D00065EA11 /* main.m in Sources */ = {isa = PBXBuildFile; fileRef = 9A6DB5E61B8E82D00065EA11 /* main.m */; };
		9A6DB5EF1B8E82D00065EA11 /* ViewController.m in Sources */ = {isa = PBXBuildFile; fileRef = 9A6DB5E81B8E82D00065EA11 /* ViewController.m */; };
		9A6DB5F41B8E82E00065EA11 /* SDiOSVersionTests.m in Sources */ = {isa = PBXBuildFile; fileRef = 9A6DB5F21B8E82E00065EA11 /* SDiOSVersionTests.m */; };
		9A95DA991B853CFF00F96CB5 /* SDiOSVersion.m in Sources */ = {isa = PBXBuildFile; fileRef = 9A95DA951B853CFF00F96CB5 /* SDiOSVersion.m */; };
		9A95DA9C1B853CFF00F96CB5 /* SDMacVersion.m in Sources */ = {isa = PBXBuildFile; fileRef = 9A95DA971B853CFF00F96CB5 /* SDMacVersion.m */; };
		E2D9751E1B8265DF00675936 /* AppDelegate.m in Sources */ = {isa = PBXBuildFile; fileRef = E2D9751D1B8265DF00675936 /* AppDelegate.m */; };
		E2D975201B8265DF00675936 /* main.m in Sources */ = {isa = PBXBuildFile; fileRef = E2D9751F1B8265DF00675936 /* main.m */; };
		E2D975231B8265DF00675936 /* ViewController.m in Sources */ = {isa = PBXBuildFile; fileRef = E2D975221B8265DF00675936 /* ViewController.m */; };
		E2D975251B8265DF00675936 /* Images.xcassets in Resources */ = {isa = PBXBuildFile; fileRef = E2D975241B8265DF00675936 /* Images.xcassets */; };
		E2D975281B8265DF00675936 /* Main.storyboard in Resources */ = {isa = PBXBuildFile; fileRef = E2D975261B8265DF00675936 /* Main.storyboard */; };
		E2D975341B8265E000675936 /* SDMacVersionTests.m in Sources */ = {isa = PBXBuildFile; fileRef = E2D975331B8265E000675936 /* SDMacVersionTests.m */; };
/* End PBXBuildFile section */

/* Begin PBXContainerItemProxy section */
		1FC73D0E1D244B87005F81DA /* PBXContainerItemProxy */ = {
			isa = PBXContainerItemProxy;
			containerPortal = 9AA6624019BFABFC0055042F /* Project object */;
			proxyType = 1;
			remoteGlobalIDString = 1FC73D0B1D244B87005F81DA;
			remoteInfo = "SDwatchOSVersion Extension";
		};
		1FC73D1A1D244B87005F81DA /* PBXContainerItemProxy */ = {
			isa = PBXContainerItemProxy;
			containerPortal = 9AA6624019BFABFC0055042F /* Project object */;
			proxyType = 1;
			remoteGlobalIDString = 1FC73CFF1D244B87005F81DA;
			remoteInfo = SDwatchOSVersion;
		};
		1FE53CD51D3FF491005739A5 /* PBXContainerItemProxy */ = {
			isa = PBXContainerItemProxy;
			containerPortal = 9AA6624019BFABFC0055042F /* Project object */;
			proxyType = 1;
			remoteGlobalIDString = 1FE53CBE1D3FF490005739A5;
			remoteInfo = SDtvOSVersion;
		};
		9AA6626219BFABFC0055042F /* PBXContainerItemProxy */ = {
			isa = PBXContainerItemProxy;
			containerPortal = 9AA6624019BFABFC0055042F /* Project object */;
			proxyType = 1;
			remoteGlobalIDString = 9AA6624719BFABFC0055042F;
			remoteInfo = SDiOSVersion;
		};
		E2D9752E1B8265DF00675936 /* PBXContainerItemProxy */ = {
			isa = PBXContainerItemProxy;
			containerPortal = 9AA6624019BFABFC0055042F /* Project object */;
			proxyType = 1;
			remoteGlobalIDString = E2D975171B8265DF00675936;
			remoteInfo = SDMacVersion;
		};
/* End PBXContainerItemProxy section */

/* Begin PBXCopyFilesBuildPhase section */
		1FC73D221D244B87005F81DA /* Embed App Extensions */ = {
			isa = PBXCopyFilesBuildPhase;
			buildActionMask = 2147483647;
			dstPath = "";
			dstSubfolderSpec = 13;
			files = (
				1FC73D0D1D244B87005F81DA /* SDwatchOSVersion Extension.appex in Embed App Extensions */,
			);
			name = "Embed App Extensions";
			runOnlyForDeploymentPostprocessing = 0;
		};
		1FC73D241D244B87005F81DA /* Embed Watch Content */ = {
			isa = PBXCopyFilesBuildPhase;
			buildActionMask = 2147483647;
			dstPath = "$(CONTENTS_FOLDER_PATH)/Watch";
			dstSubfolderSpec = 16;
			files = (
				1FC73D1C1D244B87005F81DA /* SDwatchOSVersion.app in Embed Watch Content */,
			);
			name = "Embed Watch Content";
			runOnlyForDeploymentPostprocessing = 0;
		};
/* End PBXCopyFilesBuildPhase section */

/* Begin PBXFileReference section */
		0EA6B9741E6AB69300315612 /* SDiOSVersionTests-Bridging-Header.h */ = {isa = PBXFileReference; lastKnownFileType = sourcecode.c.h; path = "SDiOSVersionTests-Bridging-Header.h"; sourceTree = "<group>"; };
		0EA6B9751E6AB69300315612 /* iOSVersionTests.swift */ = {isa = PBXFileReference; fileEncoding = 4; lastKnownFileType = sourcecode.swift; path = iOSVersionTests.swift; sourceTree = "<group>"; };
		0EA6B9771E6AB6F500315612 /* SDMacVersionTests-Bridging-Header.h */ = {isa = PBXFileReference; lastKnownFileType = sourcecode.c.h; path = "SDMacVersionTests-Bridging-Header.h"; sourceTree = "<group>"; };
		0EA6B9781E6AB6F600315612 /* MacVersionTests.swift */ = {isa = PBXFileReference; fileEncoding = 4; lastKnownFileType = sourcecode.swift; path = MacVersionTests.swift; sourceTree = "<group>"; };
		1FC73D001D244B87005F81DA /* SDwatchOSVersion.app */ = {isa = PBXFileReference; explicitFileType = wrapper.application; includeInIndex = 0; path = SDwatchOSVersion.app; sourceTree = BUILT_PRODUCTS_DIR; };
		1FC73D031D244B87005F81DA /* Base */ = {isa = PBXFileReference; lastKnownFileType = file.storyboard; name = Base; path = Base.lproj/Interface.storyboard; sourceTree = "<group>"; };
		1FC73D051D244B87005F81DA /* Assets.xcassets */ = {isa = PBXFileReference; lastKnownFileType = folder.assetcatalog; path = Assets.xcassets; sourceTree = "<group>"; };
		1FC73D071D244B87005F81DA /* Info.plist */ = {isa = PBXFileReference; lastKnownFileType = text.plist.xml; path = Info.plist; sourceTree = "<group>"; };
		1FC73D0C1D244B87005F81DA /* SDwatchOSVersion Extension.appex */ = {isa = PBXFileReference; explicitFileType = "wrapper.app-extension"; includeInIndex = 0; path = "SDwatchOSVersion Extension.appex"; sourceTree = BUILT_PRODUCTS_DIR; };
		1FC73D111D244B87005F81DA /* InterfaceController.h */ = {isa = PBXFileReference; lastKnownFileType = sourcecode.c.h; path = InterfaceController.h; sourceTree = "<group>"; };
		1FC73D121D244B87005F81DA /* InterfaceController.m */ = {isa = PBXFileReference; lastKnownFileType = sourcecode.c.objc; path = InterfaceController.m; sourceTree = "<group>"; };
		1FC73D141D244B87005F81DA /* ExtensionDelegate.h */ = {isa = PBXFileReference; lastKnownFileType = sourcecode.c.h; path = ExtensionDelegate.h; sourceTree = "<group>"; };
		1FC73D151D244B87005F81DA /* ExtensionDelegate.m */ = {isa = PBXFileReference; lastKnownFileType = sourcecode.c.objc; path = ExtensionDelegate.m; sourceTree = "<group>"; };
		1FC73D171D244B87005F81DA /* Assets.xcassets */ = {isa = PBXFileReference; lastKnownFileType = folder.assetcatalog; path = Assets.xcassets; sourceTree = "<group>"; };
		1FC73D191D244B87005F81DA /* Info.plist */ = {isa = PBXFileReference; lastKnownFileType = text.plist.xml; path = Info.plist; sourceTree = "<group>"; };
		1FC73D271D244C93005F81DA /* SDwatchOSVersion.h */ = {isa = PBXFileReference; fileEncoding = 4; lastKnownFileType = sourcecode.c.h; name = SDwatchOSVersion.h; path = SDwatchOSVersion/SDwatchOSVersion.h; sourceTree = "<group>"; };
		1FC73D281D244C93005F81DA /* SDwatchOSVersion.m */ = {isa = PBXFileReference; fileEncoding = 4; lastKnownFileType = sourcecode.c.objc; name = SDwatchOSVersion.m; path = SDwatchOSVersion/SDwatchOSVersion.m; sourceTree = "<group>"; };
		1FE53CB81D3FF468005739A5 /* SDtvOSVersion.h */ = {isa = PBXFileReference; fileEncoding = 4; lastKnownFileType = sourcecode.c.h; name = SDtvOSVersion.h; path = SDtvOSVersion/SDtvOSVersion.h; sourceTree = "<group>"; };
		1FE53CB91D3FF468005739A5 /* SDtvOSVersion.m */ = {isa = PBXFileReference; fileEncoding = 4; lastKnownFileType = sourcecode.c.objc; name = SDtvOSVersion.m; path = SDtvOSVersion/SDtvOSVersion.m; sourceTree = "<group>"; };
		1FE53CBF1D3FF490005739A5 /* SDtvOSVersion.app */ = {isa = PBXFileReference; explicitFileType = wrapper.application; includeInIndex = 0; path = SDtvOSVersion.app; sourceTree = BUILT_PRODUCTS_DIR; };
		1FE53CC21D3FF490005739A5 /* main.m */ = {isa = PBXFileReference; lastKnownFileType = sourcecode.c.objc; path = main.m; sourceTree = "<group>"; };
		1FE53CC41D3FF490005739A5 /* AppDelegate.h */ = {isa = PBXFileReference; lastKnownFileType = sourcecode.c.h; path = AppDelegate.h; sourceTree = "<group>"; };
		1FE53CC51D3FF490005739A5 /* AppDelegate.m */ = {isa = PBXFileReference; lastKnownFileType = sourcecode.c.objc; path = AppDelegate.m; sourceTree = "<group>"; };
		1FE53CC71D3FF490005739A5 /* ViewController.h */ = {isa = PBXFileReference; lastKnownFileType = sourcecode.c.h; path = ViewController.h; sourceTree = "<group>"; };
		1FE53CC81D3FF490005739A5 /* ViewController.m */ = {isa = PBXFileReference; lastKnownFileType = sourcecode.c.objc; path = ViewController.m; sourceTree = "<group>"; };
		1FE53CCB1D3FF490005739A5 /* Base */ = {isa = PBXFileReference; lastKnownFileType = file.storyboard; name = Base; path = Base.lproj/Main.storyboard; sourceTree = "<group>"; };
		1FE53CCD1D3FF490005739A5 /* Assets.xcassets */ = {isa = PBXFileReference; lastKnownFileType = folder.assetcatalog; path = Assets.xcassets; sourceTree = "<group>"; };
		1FE53CCF1D3FF490005739A5 /* Info.plist */ = {isa = PBXFileReference; lastKnownFileType = text.plist.xml; path = Info.plist; sourceTree = "<group>"; };
		1FE53CD41D3FF491005739A5 /* SDtvOSVersionTests.xctest */ = {isa = PBXFileReference; explicitFileType = wrapper.cfbundle; includeInIndex = 0; path = SDtvOSVersionTests.xctest; sourceTree = BUILT_PRODUCTS_DIR; };
		1FE53CD81D3FF491005739A5 /* SDtvOSVersionTests.m */ = {isa = PBXFileReference; lastKnownFileType = sourcecode.c.objc; path = SDtvOSVersionTests.m; sourceTree = "<group>"; };
		1FE53CDA1D3FF491005739A5 /* Info.plist */ = {isa = PBXFileReference; lastKnownFileType = text.plist.xml; path = Info.plist; sourceTree = "<group>"; };
		9A6DB5DE1B8E82D00065EA11 /* AppDelegate.h */ = {isa = PBXFileReference; fileEncoding = 4; lastKnownFileType = sourcecode.c.h; path = AppDelegate.h; sourceTree = "<group>"; };
		9A6DB5DF1B8E82D00065EA11 /* AppDelegate.m */ = {isa = PBXFileReference; fileEncoding = 4; lastKnownFileType = sourcecode.c.objc; path = AppDelegate.m; sourceTree = "<group>"; };
		9A6DB5E11B8E82D00065EA11 /* Base */ = {isa = PBXFileReference; lastKnownFileType = file.xib; name = Base; path = Base.lproj/LaunchScreen.xib; sourceTree = "<group>"; };
		9A6DB5E31B8E82D00065EA11 /* Base */ = {isa = PBXFileReference; lastKnownFileType = file.storyboard; name = Base; path = Base.lproj/Main.storyboard; sourceTree = "<group>"; };
		9A6DB5E41B8E82D00065EA11 /* Images.xcassets */ = {isa = PBXFileReference; lastKnownFileType = folder.assetcatalog; path = Images.xcassets; sourceTree = "<group>"; };
		9A6DB5E51B8E82D00065EA11 /* Info.plist */ = {isa = PBXFileReference; fileEncoding = 4; lastKnownFileType = text.plist.xml; path = Info.plist; sourceTree = "<group>"; };
		9A6DB5E61B8E82D00065EA11 /* main.m */ = {isa = PBXFileReference; fileEncoding = 4; lastKnownFileType = sourcecode.c.objc; path = main.m; sourceTree = "<group>"; };
		9A6DB5E71B8E82D00065EA11 /* ViewController.h */ = {isa = PBXFileReference; fileEncoding = 4; lastKnownFileType = sourcecode.c.h; path = ViewController.h; sourceTree = "<group>"; };
		9A6DB5E81B8E82D00065EA11 /* ViewController.m */ = {isa = PBXFileReference; fileEncoding = 4; lastKnownFileType = sourcecode.c.objc; path = ViewController.m; sourceTree = "<group>"; };
		9A6DB5F11B8E82E00065EA11 /* Info.plist */ = {isa = PBXFileReference; fileEncoding = 4; lastKnownFileType = text.plist.xml; path = Info.plist; sourceTree = "<group>"; };
		9A6DB5F21B8E82E00065EA11 /* SDiOSVersionTests.m */ = {isa = PBXFileReference; fileEncoding = 4; lastKnownFileType = sourcecode.c.objc; path = SDiOSVersionTests.m; sourceTree = "<group>"; };
		9A95DA941B853CFF00F96CB5 /* SDiOSVersion.h */ = {isa = PBXFileReference; fileEncoding = 4; lastKnownFileType = sourcecode.c.h; name = SDiOSVersion.h; path = SDiOSVersion/SDiOSVersion.h; sourceTree = "<group>"; };
		9A95DA951B853CFF00F96CB5 /* SDiOSVersion.m */ = {isa = PBXFileReference; fileEncoding = 4; lastKnownFileType = sourcecode.c.objc; name = SDiOSVersion.m; path = SDiOSVersion/SDiOSVersion.m; sourceTree = "<group>"; };
		9A95DA961B853CFF00F96CB5 /* SDMacVersion.h */ = {isa = PBXFileReference; fileEncoding = 4; lastKnownFileType = sourcecode.c.h; name = SDMacVersion.h; path = SDMacVersion/SDMacVersion.h; sourceTree = "<group>"; };
		9A95DA971B853CFF00F96CB5 /* SDMacVersion.m */ = {isa = PBXFileReference; fileEncoding = 4; lastKnownFileType = sourcecode.c.objc; name = SDMacVersion.m; path = SDMacVersion/SDMacVersion.m; sourceTree = "<group>"; };
		9A95DA981B853CFF00F96CB5 /* SDVersion.h */ = {isa = PBXFileReference; fileEncoding = 4; lastKnownFileType = sourcecode.c.h; path = SDVersion.h; sourceTree = "<group>"; };
		9AA6624819BFABFC0055042F /* SDiOSVersion.app */ = {isa = PBXFileReference; explicitFileType = wrapper.application; includeInIndex = 0; path = SDiOSVersion.app; sourceTree = BUILT_PRODUCTS_DIR; };
		9AA6626119BFABFC0055042F /* SDiOSVersionTests.xctest */ = {isa = PBXFileReference; explicitFileType = wrapper.cfbundle; includeInIndex = 0; path = SDiOSVersionTests.xctest; sourceTree = BUILT_PRODUCTS_DIR; };
		E2D975181B8265DF00675936 /* SDMacVersion.app */ = {isa = PBXFileReference; explicitFileType = wrapper.application; includeInIndex = 0; path = SDMacVersion.app; sourceTree = BUILT_PRODUCTS_DIR; };
		E2D9751B1B8265DF00675936 /* Info.plist */ = {isa = PBXFileReference; lastKnownFileType = text.plist.xml; path = Info.plist; sourceTree = "<group>"; };
		E2D9751C1B8265DF00675936 /* AppDelegate.h */ = {isa = PBXFileReference; lastKnownFileType = sourcecode.c.h; path = AppDelegate.h; sourceTree = "<group>"; };
		E2D9751D1B8265DF00675936 /* AppDelegate.m */ = {isa = PBXFileReference; lastKnownFileType = sourcecode.c.objc; path = AppDelegate.m; sourceTree = "<group>"; };
		E2D9751F1B8265DF00675936 /* main.m */ = {isa = PBXFileReference; lastKnownFileType = sourcecode.c.objc; path = main.m; sourceTree = "<group>"; };
		E2D975211B8265DF00675936 /* ViewController.h */ = {isa = PBXFileReference; lastKnownFileType = sourcecode.c.h; path = ViewController.h; sourceTree = "<group>"; };
		E2D975221B8265DF00675936 /* ViewController.m */ = {isa = PBXFileReference; lastKnownFileType = sourcecode.c.objc; path = ViewController.m; sourceTree = "<group>"; };
		E2D975241B8265DF00675936 /* Images.xcassets */ = {isa = PBXFileReference; lastKnownFileType = folder.assetcatalog; path = Images.xcassets; sourceTree = "<group>"; };
		E2D975271B8265DF00675936 /* Base */ = {isa = PBXFileReference; lastKnownFileType = file.storyboard; name = Base; path = Base.lproj/Main.storyboard; sourceTree = "<group>"; };
		E2D9752D1B8265DF00675936 /* SDMacVersionTests.xctest */ = {isa = PBXFileReference; explicitFileType = wrapper.cfbundle; includeInIndex = 0; path = SDMacVersionTests.xctest; sourceTree = BUILT_PRODUCTS_DIR; };
		E2D975321B8265E000675936 /* Info.plist */ = {isa = PBXFileReference; lastKnownFileType = text.plist.xml; path = Info.plist; sourceTree = "<group>"; };
		E2D975331B8265E000675936 /* SDMacVersionTests.m */ = {isa = PBXFileReference; lastKnownFileType = sourcecode.c.objc; path = SDMacVersionTests.m; sourceTree = "<group>"; };
/* End PBXFileReference section */

/* Begin PBXFrameworksBuildPhase section */
		1FC73D091D244B87005F81DA /* Frameworks */ = {
			isa = PBXFrameworksBuildPhase;
			buildActionMask = 2147483647;
			files = (
			);
			runOnlyForDeploymentPostprocessing = 0;
		};
		1FE53CBC1D3FF490005739A5 /* Frameworks */ = {
			isa = PBXFrameworksBuildPhase;
			buildActionMask = 2147483647;
			files = (
			);
			runOnlyForDeploymentPostprocessing = 0;
		};
		1FE53CD11D3FF491005739A5 /* Frameworks */ = {
			isa = PBXFrameworksBuildPhase;
			buildActionMask = 2147483647;
			files = (
			);
			runOnlyForDeploymentPostprocessing = 0;
		};
		9AA6624519BFABFC0055042F /* Frameworks */ = {
			isa = PBXFrameworksBuildPhase;
			buildActionMask = 2147483647;
			files = (
			);
			runOnlyForDeploymentPostprocessing = 0;
		};
		9AA6625E19BFABFC0055042F /* Frameworks */ = {
			isa = PBXFrameworksBuildPhase;
			buildActionMask = 2147483647;
			files = (
			);
			runOnlyForDeploymentPostprocessing = 0;
		};
		E2D975151B8265DF00675936 /* Frameworks */ = {
			isa = PBXFrameworksBuildPhase;
			buildActionMask = 2147483647;
			files = (
			);
			runOnlyForDeploymentPostprocessing = 0;
		};
		E2D9752A1B8265DF00675936 /* Frameworks */ = {
			isa = PBXFrameworksBuildPhase;
			buildActionMask = 2147483647;
			files = (
			);
			runOnlyForDeploymentPostprocessing = 0;
		};
/* End PBXFrameworksBuildPhase section */

/* Begin PBXGroup section */
		1FC73D011D244B87005F81DA /* SDwatchOSVersion */ = {
			isa = PBXGroup;
			children = (
				1FC73D021D244B87005F81DA /* Interface.storyboard */,
				1FC73D051D244B87005F81DA /* Assets.xcassets */,
				1FC73D071D244B87005F81DA /* Info.plist */,
			);
			path = SDwatchOSVersion;
			sourceTree = "<group>";
		};
		1FC73D101D244B87005F81DA /* SDwatchOSVersion Extension */ = {
			isa = PBXGroup;
			children = (
				1FC73D111D244B87005F81DA /* InterfaceController.h */,
				1FC73D121D244B87005F81DA /* InterfaceController.m */,
				1FC73D141D244B87005F81DA /* ExtensionDelegate.h */,
				1FC73D151D244B87005F81DA /* ExtensionDelegate.m */,
				1FC73D171D244B87005F81DA /* Assets.xcassets */,
				1FC73D191D244B87005F81DA /* Info.plist */,
			);
			path = "SDwatchOSVersion Extension";
			sourceTree = "<group>";
		};
		1FE53CC01D3FF490005739A5 /* SDtvOSVersion */ = {
			isa = PBXGroup;
			children = (
				1FE53CC41D3FF490005739A5 /* AppDelegate.h */,
				1FE53CC51D3FF490005739A5 /* AppDelegate.m */,
				1FE53CC71D3FF490005739A5 /* ViewController.h */,
				1FE53CC81D3FF490005739A5 /* ViewController.m */,
				1FE53CCA1D3FF490005739A5 /* Main.storyboard */,
				1FE53CCD1D3FF490005739A5 /* Assets.xcassets */,
				1FE53CCF1D3FF490005739A5 /* Info.plist */,
				1FE53CC11D3FF490005739A5 /* Supporting Files */,
			);
			path = SDtvOSVersion;
			sourceTree = "<group>";
		};
		1FE53CC11D3FF490005739A5 /* Supporting Files */ = {
			isa = PBXGroup;
			children = (
				1FE53CC21D3FF490005739A5 /* main.m */,
			);
			name = "Supporting Files";
			sourceTree = "<group>";
		};
		1FE53CD71D3FF491005739A5 /* SDtvOSVersionTests */ = {
			isa = PBXGroup;
			children = (
				1FE53CD81D3FF491005739A5 /* SDtvOSVersionTests.m */,
				1FE53CDA1D3FF491005739A5 /* Info.plist */,
			);
			path = SDtvOSVersionTests;
			sourceTree = "<group>";
		};
		9A6DB5DD1B8E82D00065EA11 /* SDiOSVersion */ = {
			isa = PBXGroup;
			children = (
				9A6DB5DE1B8E82D00065EA11 /* AppDelegate.h */,
				9A6DB5DF1B8E82D00065EA11 /* AppDelegate.m */,
				9A6DB5E71B8E82D00065EA11 /* ViewController.h */,
				9A6DB5E81B8E82D00065EA11 /* ViewController.m */,
				9A6DB5E41B8E82D00065EA11 /* Images.xcassets */,
				9A6DB5E01B8E82D00065EA11 /* LaunchScreen.xib */,
				9A6DB5E21B8E82D00065EA11 /* Main.storyboard */,
				9A6DB5E61B8E82D00065EA11 /* main.m */,
				9A6DB5E51B8E82D00065EA11 /* Info.plist */,
			);
			path = SDiOSVersion;
			sourceTree = "<group>";
		};
		9A6DB5F01B8E82E00065EA11 /* SDiOSVersionTests */ = {
			isa = PBXGroup;
			children = (
				9A6DB5F11B8E82E00065EA11 /* Info.plist */,
				9A6DB5F21B8E82E00065EA11 /* SDiOSVersionTests.m */,
				0EA6B9751E6AB69300315612 /* iOSVersionTests.swift */,
				0EA6B9741E6AB69300315612 /* SDiOSVersionTests-Bridging-Header.h */,
			);
			path = SDiOSVersionTests;
			sourceTree = "<group>";
		};
		9A95DA931B853CFF00F96CB5 /* SDVersion */ = {
			isa = PBXGroup;
			children = (
				9A95DA981B853CFF00F96CB5 /* SDVersion.h */,
				9A95DA941B853CFF00F96CB5 /* SDiOSVersion.h */,
				9A95DA951B853CFF00F96CB5 /* SDiOSVersion.m */,
				9A95DA961B853CFF00F96CB5 /* SDMacVersion.h */,
				9A95DA971B853CFF00F96CB5 /* SDMacVersion.m */,
				1FC73D271D244C93005F81DA /* SDwatchOSVersion.h */,
				1FC73D281D244C93005F81DA /* SDwatchOSVersion.m */,
				1FE53CB81D3FF468005739A5 /* SDtvOSVersion.h */,
				1FE53CB91D3FF468005739A5 /* SDtvOSVersion.m */,
			);
			name = SDVersion;
			path = ../SDVersion;
			sourceTree = "<group>";
		};
		9AA6623F19BFABFC0055042F = {
			isa = PBXGroup;
			children = (
				9A95DA931B853CFF00F96CB5 /* SDVersion */,
				9A6DB5DD1B8E82D00065EA11 /* SDiOSVersion */,
				9A6DB5F01B8E82E00065EA11 /* SDiOSVersionTests */,
				E2D975191B8265DF00675936 /* SDMacVersion */,
				E2D975301B8265DF00675936 /* SDMacVersionTests */,
				1FC73D011D244B87005F81DA /* SDwatchOSVersion */,
				1FC73D101D244B87005F81DA /* SDwatchOSVersion Extension */,
				1FE53CC01D3FF490005739A5 /* SDtvOSVersion */,
				1FE53CD71D3FF491005739A5 /* SDtvOSVersionTests */,
				9AA6624919BFABFC0055042F /* Products */,
			);
			sourceTree = "<group>";
		};
		9AA6624919BFABFC0055042F /* Products */ = {
			isa = PBXGroup;
			children = (
				9AA6624819BFABFC0055042F /* SDiOSVersion.app */,
				9AA6626119BFABFC0055042F /* SDiOSVersionTests.xctest */,
				E2D975181B8265DF00675936 /* SDMacVersion.app */,
				E2D9752D1B8265DF00675936 /* SDMacVersionTests.xctest */,
				1FC73D001D244B87005F81DA /* SDwatchOSVersion.app */,
				1FC73D0C1D244B87005F81DA /* SDwatchOSVersion Extension.appex */,
				1FE53CBF1D3FF490005739A5 /* SDtvOSVersion.app */,
				1FE53CD41D3FF491005739A5 /* SDtvOSVersionTests.xctest */,
			);
			name = Products;
			sourceTree = "<group>";
		};
		E2D975191B8265DF00675936 /* SDMacVersion */ = {
			isa = PBXGroup;
			children = (
				E2D9751C1B8265DF00675936 /* AppDelegate.h */,
				E2D9751D1B8265DF00675936 /* AppDelegate.m */,
				E2D975211B8265DF00675936 /* ViewController.h */,
				E2D975221B8265DF00675936 /* ViewController.m */,
				E2D975261B8265DF00675936 /* Main.storyboard */,
				E2D975241B8265DF00675936 /* Images.xcassets */,
				E2D9751A1B8265DF00675936 /* Supporting Files */,
			);
			path = SDMacVersion;
			sourceTree = "<group>";
		};
		E2D9751A1B8265DF00675936 /* Supporting Files */ = {
			isa = PBXGroup;
			children = (
				E2D9751B1B8265DF00675936 /* Info.plist */,
				E2D9751F1B8265DF00675936 /* main.m */,
			);
			name = "Supporting Files";
			sourceTree = "<group>";
		};
		E2D975301B8265DF00675936 /* SDMacVersionTests */ = {
			isa = PBXGroup;
			children = (
				E2D975331B8265E000675936 /* SDMacVersionTests.m */,
				E2D975311B8265E000675936 /* Supporting Files */,
				0EA6B9781E6AB6F600315612 /* MacVersionTests.swift */,
				0EA6B9771E6AB6F500315612 /* SDMacVersionTests-Bridging-Header.h */,
			);
			path = SDMacVersionTests;
			sourceTree = "<group>";
		};
		E2D975311B8265E000675936 /* Supporting Files */ = {
			isa = PBXGroup;
			children = (
				E2D975321B8265E000675936 /* Info.plist */,
			);
			name = "Supporting Files";
			sourceTree = "<group>";
		};
/* End PBXGroup section */

/* Begin PBXNativeTarget section */
		1FC73CFF1D244B87005F81DA /* SDwatchOSVersion */ = {
			isa = PBXNativeTarget;
			buildConfigurationList = 1FC73D231D244B87005F81DA /* Build configuration list for PBXNativeTarget "SDwatchOSVersion" */;
			buildPhases = (
				1FC73CFE1D244B87005F81DA /* Resources */,
				1FC73D221D244B87005F81DA /* Embed App Extensions */,
			);
			buildRules = (
			);
			dependencies = (
				1FC73D0F1D244B87005F81DA /* PBXTargetDependency */,
			);
			name = SDwatchOSVersion;
			productName = SDwatchOSVersion;
			productReference = 1FC73D001D244B87005F81DA /* SDwatchOSVersion.app */;
			productType = "com.apple.product-type.application.watchapp2";
		};
		1FC73D0B1D244B87005F81DA /* SDwatchOSVersion Extension */ = {
			isa = PBXNativeTarget;
			buildConfigurationList = 1FC73D211D244B87005F81DA /* Build configuration list for PBXNativeTarget "SDwatchOSVersion Extension" */;
			buildPhases = (
				1FC73D081D244B87005F81DA /* Sources */,
				1FC73D091D244B87005F81DA /* Frameworks */,
				1FC73D0A1D244B87005F81DA /* Resources */,
			);
			buildRules = (
			);
			dependencies = (
			);
			name = "SDwatchOSVersion Extension";
			productName = "SDwatchOSVersion Extension";
			productReference = 1FC73D0C1D244B87005F81DA /* SDwatchOSVersion Extension.appex */;
			productType = "com.apple.product-type.watchkit2-extension";
		};
		1FE53CBE1D3FF490005739A5 /* SDtvOSVersion */ = {
			isa = PBXNativeTarget;
			buildConfigurationList = 1FE53CDB1D3FF491005739A5 /* Build configuration list for PBXNativeTarget "SDtvOSVersion" */;
			buildPhases = (
				1FE53CBB1D3FF490005739A5 /* Sources */,
				1FE53CBC1D3FF490005739A5 /* Frameworks */,
				1FE53CBD1D3FF490005739A5 /* Resources */,
			);
			buildRules = (
			);
			dependencies = (
			);
			name = SDtvOSVersion;
			productName = SDtvOSVersion;
			productReference = 1FE53CBF1D3FF490005739A5 /* SDtvOSVersion.app */;
			productType = "com.apple.product-type.application";
		};
		1FE53CD31D3FF491005739A5 /* SDtvOSVersionTests */ = {
			isa = PBXNativeTarget;
			buildConfigurationList = 1FE53CDE1D3FF491005739A5 /* Build configuration list for PBXNativeTarget "SDtvOSVersionTests" */;
			buildPhases = (
				1FE53CD01D3FF491005739A5 /* Sources */,
				1FE53CD11D3FF491005739A5 /* Frameworks */,
				1FE53CD21D3FF491005739A5 /* Resources */,
			);
			buildRules = (
			);
			dependencies = (
				1FE53CD61D3FF491005739A5 /* PBXTargetDependency */,
			);
			name = SDtvOSVersionTests;
			productName = SDtvOSVersionTests;
			productReference = 1FE53CD41D3FF491005739A5 /* SDtvOSVersionTests.xctest */;
			productType = "com.apple.product-type.bundle.unit-test";
		};
		9AA6624719BFABFC0055042F /* SDiOSVersion */ = {
			isa = PBXNativeTarget;
			buildConfigurationList = 9AA6626B19BFABFC0055042F /* Build configuration list for PBXNativeTarget "SDiOSVersion" */;
			buildPhases = (
				9AA6624419BFABFC0055042F /* Sources */,
				9AA6624519BFABFC0055042F /* Frameworks */,
				9AA6624619BFABFC0055042F /* Resources */,
				1FC73D241D244B87005F81DA /* Embed Watch Content */,
			);
			buildRules = (
			);
			dependencies = (
				1FC73D1B1D244B87005F81DA /* PBXTargetDependency */,
			);
			name = SDiOSVersion;
			productName = SDiOSVersion;
			productReference = 9AA6624819BFABFC0055042F /* SDiOSVersion.app */;
			productType = "com.apple.product-type.application";
		};
		9AA6626019BFABFC0055042F /* SDiOSVersionTests */ = {
			isa = PBXNativeTarget;
			buildConfigurationList = 9AA6626E19BFABFC0055042F /* Build configuration list for PBXNativeTarget "SDiOSVersionTests" */;
			buildPhases = (
				9AA6625D19BFABFC0055042F /* Sources */,
				9AA6625E19BFABFC0055042F /* Frameworks */,
				9AA6625F19BFABFC0055042F /* Resources */,
			);
			buildRules = (
			);
			dependencies = (
				9AA6626319BFABFC0055042F /* PBXTargetDependency */,
			);
			name = SDiOSVersionTests;
			productName = SDiOSVersionTests;
			productReference = 9AA6626119BFABFC0055042F /* SDiOSVersionTests.xctest */;
			productType = "com.apple.product-type.bundle.unit-test";
		};
		E2D975171B8265DF00675936 /* SDMacVersion */ = {
			isa = PBXNativeTarget;
			buildConfigurationList = E2D975391B8265E000675936 /* Build configuration list for PBXNativeTarget "SDMacVersion" */;
			buildPhases = (
				E2D975141B8265DF00675936 /* Sources */,
				E2D975151B8265DF00675936 /* Frameworks */,
				E2D975161B8265DF00675936 /* Resources */,
			);
			buildRules = (
			);
			dependencies = (
			);
			name = SDMacVersion;
			productName = SDMacVersion;
			productReference = E2D975181B8265DF00675936 /* SDMacVersion.app */;
			productType = "com.apple.product-type.application";
		};
		E2D9752C1B8265DF00675936 /* SDMacVersionTests */ = {
			isa = PBXNativeTarget;
			buildConfigurationList = E2D9753A1B8265E000675936 /* Build configuration list for PBXNativeTarget "SDMacVersionTests" */;
			buildPhases = (
				E2D975291B8265DF00675936 /* Sources */,
				E2D9752A1B8265DF00675936 /* Frameworks */,
				E2D9752B1B8265DF00675936 /* Resources */,
			);
			buildRules = (
			);
			dependencies = (
				E2D9752F1B8265DF00675936 /* PBXTargetDependency */,
			);
			name = SDMacVersionTests;
			productName = SDMacVersionTests;
			productReference = E2D9752D1B8265DF00675936 /* SDMacVersionTests.xctest */;
			productType = "com.apple.product-type.bundle.unit-test";
		};
/* End PBXNativeTarget section */

/* Begin PBXProject section */
		9AA6624019BFABFC0055042F /* Project object */ = {
			isa = PBXProject;
			attributes = {
				LastUpgradeCheck = 0910;
				ORGANIZATIONNAME = "Sebastian Dobrincu";
				TargetAttributes = {
					1FC73CFF1D244B87005F81DA = {
						CreatedOnToolsVersion = 7.3.1;
					};
					1FC73D0B1D244B87005F81DA = {
						CreatedOnToolsVersion = 7.3.1;
					};
					1FE53CBE1D3FF490005739A5 = {
						CreatedOnToolsVersion = 7.3.1;
					};
					1FE53CD31D3FF491005739A5 = {
						CreatedOnToolsVersion = 7.3.1;
						TestTargetID = 1FE53CBE1D3FF490005739A5;
					};
					9AA6624719BFABFC0055042F = {
						CreatedOnToolsVersion = 6.0;
					};
					9AA6626019BFABFC0055042F = {
						CreatedOnToolsVersion = 6.0;
						LastSwiftMigration = 0820;
						TestTargetID = 9AA6624719BFABFC0055042F;
					};
					E2D975171B8265DF00675936 = {
						CreatedOnToolsVersion = 6.4;
					};
					E2D9752C1B8265DF00675936 = {
						CreatedOnToolsVersion = 6.4;
						LastSwiftMigration = 0820;
						TestTargetID = E2D975171B8265DF00675936;
					};
				};
			};
			buildConfigurationList = 9AA6624319BFABFC0055042F /* Build configuration list for PBXProject "SDVersion" */;
			compatibilityVersion = "Xcode 3.2";
			developmentRegion = English;
			hasScannedForEncodings = 0;
			knownRegions = (
				en,
				Base,
			);
			mainGroup = 9AA6623F19BFABFC0055042F;
			productRefGroup = 9AA6624919BFABFC0055042F /* Products */;
			projectDirPath = "";
			projectRoot = "";
			targets = (
				9AA6624719BFABFC0055042F /* SDiOSVersion */,
				9AA6626019BFABFC0055042F /* SDiOSVersionTests */,
				E2D975171B8265DF00675936 /* SDMacVersion */,
				E2D9752C1B8265DF00675936 /* SDMacVersionTests */,
				1FC73CFF1D244B87005F81DA /* SDwatchOSVersion */,
				1FC73D0B1D244B87005F81DA /* SDwatchOSVersion Extension */,
				1FE53CBE1D3FF490005739A5 /* SDtvOSVersion */,
				1FE53CD31D3FF491005739A5 /* SDtvOSVersionTests */,
			);
		};
/* End PBXProject section */

/* Begin PBXResourcesBuildPhase section */
		1FC73CFE1D244B87005F81DA /* Resources */ = {
			isa = PBXResourcesBuildPhase;
			buildActionMask = 2147483647;
			files = (
				1FC73D061D244B87005F81DA /* Assets.xcassets in Resources */,
				1FC73D041D244B87005F81DA /* Interface.storyboard in Resources */,
			);
			runOnlyForDeploymentPostprocessing = 0;
		};
		1FC73D0A1D244B87005F81DA /* Resources */ = {
			isa = PBXResourcesBuildPhase;
			buildActionMask = 2147483647;
			files = (
				1FC73D181D244B87005F81DA /* Assets.xcassets in Resources */,
			);
			runOnlyForDeploymentPostprocessing = 0;
		};
		1FE53CBD1D3FF490005739A5 /* Resources */ = {
			isa = PBXResourcesBuildPhase;
			buildActionMask = 2147483647;
			files = (
				1FE53CCE1D3FF490005739A5 /* Assets.xcassets in Resources */,
				1FE53CCC1D3FF490005739A5 /* Main.storyboard in Resources */,
			);
			runOnlyForDeploymentPostprocessing = 0;
		};
		1FE53CD21D3FF491005739A5 /* Resources */ = {
			isa = PBXResourcesBuildPhase;
			buildActionMask = 2147483647;
			files = (
			);
			runOnlyForDeploymentPostprocessing = 0;
		};
		9AA6624619BFABFC0055042F /* Resources */ = {
			isa = PBXResourcesBuildPhase;
			buildActionMask = 2147483647;
			files = (
				9A6DB5EC1B8E82D00065EA11 /* Images.xcassets in Resources */,
				9A6DB5EA1B8E82D00065EA11 /* LaunchScreen.xib in Resources */,
				9A6DB5EB1B8E82D00065EA11 /* Main.storyboard in Resources */,
			);
			runOnlyForDeploymentPostprocessing = 0;
		};
		9AA6625F19BFABFC0055042F /* Resources */ = {
			isa = PBXResourcesBuildPhase;
			buildActionMask = 2147483647;
			files = (
			);
			runOnlyForDeploymentPostprocessing = 0;
		};
		E2D975161B8265DF00675936 /* Resources */ = {
			isa = PBXResourcesBuildPhase;
			buildActionMask = 2147483647;
			files = (
				E2D975251B8265DF00675936 /* Images.xcassets in Resources */,
				E2D975281B8265DF00675936 /* Main.storyboard in Resources */,
			);
			runOnlyForDeploymentPostprocessing = 0;
		};
		E2D9752B1B8265DF00675936 /* Resources */ = {
			isa = PBXResourcesBuildPhase;
			buildActionMask = 2147483647;
			files = (
			);
			runOnlyForDeploymentPostprocessing = 0;
		};
/* End PBXResourcesBuildPhase section */

/* Begin PBXSourcesBuildPhase section */
		1FC73D081D244B87005F81DA /* Sources */ = {
			isa = PBXSourcesBuildPhase;
			buildActionMask = 2147483647;
			files = (
				1FC73D161D244B87005F81DA /* ExtensionDelegate.m in Sources */,
				1FC73D131D244B87005F81DA /* InterfaceController.m in Sources */,
				1FC73D291D244C93005F81DA /* SDwatchOSVersion.m in Sources */,
			);
			runOnlyForDeploymentPostprocessing = 0;
		};
		1FE53CBB1D3FF490005739A5 /* Sources */ = {
			isa = PBXSourcesBuildPhase;
			buildActionMask = 2147483647;
			files = (
				1FE53CC91D3FF490005739A5 /* ViewController.m in Sources */,
				1FE53CC61D3FF490005739A5 /* AppDelegate.m in Sources */,
				1FE53CC31D3FF490005739A5 /* main.m in Sources */,
				1FE53CE11D3FF4A3005739A5 /* SDtvOSVersion.m in Sources */,
			);
			runOnlyForDeploymentPostprocessing = 0;
		};
		1FE53CD01D3FF491005739A5 /* Sources */ = {
			isa = PBXSourcesBuildPhase;
			buildActionMask = 2147483647;
			files = (
				1FE53CD91D3FF491005739A5 /* SDtvOSVersionTests.m in Sources */,
			);
			runOnlyForDeploymentPostprocessing = 0;
		};
		9AA6624419BFABFC0055042F /* Sources */ = {
			isa = PBXSourcesBuildPhase;
			buildActionMask = 2147483647;
			files = (
				9A6DB5E91B8E82D00065EA11 /* AppDelegate.m in Sources */,
				9A6DB5EE1B8E82D00065EA11 /* main.m in Sources */,
				9A6DB5EF1B8E82D00065EA11 /* ViewController.m in Sources */,
				9A95DA991B853CFF00F96CB5 /* SDiOSVersion.m in Sources */,
			);
			runOnlyForDeploymentPostprocessing = 0;
		};
		9AA6625D19BFABFC0055042F /* Sources */ = {
			isa = PBXSourcesBuildPhase;
			buildActionMask = 2147483647;
			files = (
				0EA6B9761E6AB69300315612 /* iOSVersionTests.swift in Sources */,
				9A6DB5F41B8E82E00065EA11 /* SDiOSVersionTests.m in Sources */,
			);
			runOnlyForDeploymentPostprocessing = 0;
		};
		E2D975141B8265DF00675936 /* Sources */ = {
			isa = PBXSourcesBuildPhase;
			buildActionMask = 2147483647;
			files = (
				9A95DA9C1B853CFF00F96CB5 /* SDMacVersion.m in Sources */,
				E2D975231B8265DF00675936 /* ViewController.m in Sources */,
				E2D975201B8265DF00675936 /* main.m in Sources */,
				E2D9751E1B8265DF00675936 /* AppDelegate.m in Sources */,
			);
			runOnlyForDeploymentPostprocessing = 0;
		};
		E2D975291B8265DF00675936 /* Sources */ = {
			isa = PBXSourcesBuildPhase;
			buildActionMask = 2147483647;
			files = (
				0EA6B9791E6AB6F600315612 /* MacVersionTests.swift in Sources */,
				E2D975341B8265E000675936 /* SDMacVersionTests.m in Sources */,
			);
			runOnlyForDeploymentPostprocessing = 0;
		};
/* End PBXSourcesBuildPhase section */

/* Begin PBXTargetDependency section */
		1FC73D0F1D244B87005F81DA /* PBXTargetDependency */ = {
			isa = PBXTargetDependency;
			target = 1FC73D0B1D244B87005F81DA /* SDwatchOSVersion Extension */;
			targetProxy = 1FC73D0E1D244B87005F81DA /* PBXContainerItemProxy */;
		};
		1FC73D1B1D244B87005F81DA /* PBXTargetDependency */ = {
			isa = PBXTargetDependency;
			target = 1FC73CFF1D244B87005F81DA /* SDwatchOSVersion */;
			targetProxy = 1FC73D1A1D244B87005F81DA /* PBXContainerItemProxy */;
		};
		1FE53CD61D3FF491005739A5 /* PBXTargetDependency */ = {
			isa = PBXTargetDependency;
			target = 1FE53CBE1D3FF490005739A5 /* SDtvOSVersion */;
			targetProxy = 1FE53CD51D3FF491005739A5 /* PBXContainerItemProxy */;
		};
		9AA6626319BFABFC0055042F /* PBXTargetDependency */ = {
			isa = PBXTargetDependency;
			target = 9AA6624719BFABFC0055042F /* SDiOSVersion */;
			targetProxy = 9AA6626219BFABFC0055042F /* PBXContainerItemProxy */;
		};
		E2D9752F1B8265DF00675936 /* PBXTargetDependency */ = {
			isa = PBXTargetDependency;
			target = E2D975171B8265DF00675936 /* SDMacVersion */;
			targetProxy = E2D9752E1B8265DF00675936 /* PBXContainerItemProxy */;
		};
/* End PBXTargetDependency section */

/* Begin PBXVariantGroup section */
		1FC73D021D244B87005F81DA /* Interface.storyboard */ = {
			isa = PBXVariantGroup;
			children = (
				1FC73D031D244B87005F81DA /* Base */,
			);
			name = Interface.storyboard;
			sourceTree = "<group>";
		};
		1FE53CCA1D3FF490005739A5 /* Main.storyboard */ = {
			isa = PBXVariantGroup;
			children = (
				1FE53CCB1D3FF490005739A5 /* Base */,
			);
			name = Main.storyboard;
			sourceTree = "<group>";
		};
		9A6DB5E01B8E82D00065EA11 /* LaunchScreen.xib */ = {
			isa = PBXVariantGroup;
			children = (
				9A6DB5E11B8E82D00065EA11 /* Base */,
			);
			name = LaunchScreen.xib;
			sourceTree = "<group>";
		};
		9A6DB5E21B8E82D00065EA11 /* Main.storyboard */ = {
			isa = PBXVariantGroup;
			children = (
				9A6DB5E31B8E82D00065EA11 /* Base */,
			);
			name = Main.storyboard;
			sourceTree = "<group>";
		};
		E2D975261B8265DF00675936 /* Main.storyboard */ = {
			isa = PBXVariantGroup;
			children = (
				E2D975271B8265DF00675936 /* Base */,
			);
			name = Main.storyboard;
			sourceTree = "<group>";
		};
/* End PBXVariantGroup section */

/* Begin XCBuildConfiguration section */
		1FC73D1D1D244B87005F81DA /* Debug */ = {
			isa = XCBuildConfiguration;
			buildSettings = {
				ASSETCATALOG_COMPILER_APPICON_NAME = AppIcon;
				CLANG_ANALYZER_NONNULL = YES;
				DEBUG_INFORMATION_FORMAT = dwarf;
				ENABLE_TESTABILITY = YES;
				GCC_NO_COMMON_BLOCKS = YES;
				IBSC_MODULE = SDwatchOSVersion_Extension;
				INFOPLIST_FILE = SDwatchOSVersion/Info.plist;
				PRODUCT_BUNDLE_IDENTIFIER = com.dobrincusebastian.SDiOSVersion.watchkitapp;
				PRODUCT_NAME = "$(TARGET_NAME)";
				SDKROOT = watchos;
				SKIP_INSTALL = YES;
				TARGETED_DEVICE_FAMILY = 4;
				WATCHOS_DEPLOYMENT_TARGET = 2.0;
			};
			name = Debug;
		};
		1FC73D1E1D244B87005F81DA /* Release */ = {
			isa = XCBuildConfiguration;
			buildSettings = {
				ASSETCATALOG_COMPILER_APPICON_NAME = AppIcon;
				CLANG_ANALYZER_NONNULL = YES;
				COPY_PHASE_STRIP = NO;
				DEBUG_INFORMATION_FORMAT = "dwarf-with-dsym";
				GCC_NO_COMMON_BLOCKS = YES;
				IBSC_MODULE = SDwatchOSVersion_Extension;
				INFOPLIST_FILE = SDwatchOSVersion/Info.plist;
				PRODUCT_BUNDLE_IDENTIFIER = com.dobrincusebastian.SDiOSVersion.watchkitapp;
				PRODUCT_NAME = "$(TARGET_NAME)";
				SDKROOT = watchos;
				SKIP_INSTALL = YES;
				TARGETED_DEVICE_FAMILY = 4;
				WATCHOS_DEPLOYMENT_TARGET = 2.0;
			};
			name = Release;
		};
		1FC73D1F1D244B87005F81DA /* Debug */ = {
			isa = XCBuildConfiguration;
			buildSettings = {
				CLANG_ANALYZER_NONNULL = YES;
				DEBUG_INFORMATION_FORMAT = dwarf;
				ENABLE_TESTABILITY = YES;
				GCC_NO_COMMON_BLOCKS = YES;
				INFOPLIST_FILE = "SDwatchOSVersion Extension/Info.plist";
				LD_RUNPATH_SEARCH_PATHS = "$(inherited) @executable_path/Frameworks @executable_path/../../Frameworks";
				PRODUCT_BUNDLE_IDENTIFIER = com.dobrincusebastian.SDiOSVersion.watchkitapp.watchkitextension;
				PRODUCT_NAME = "${TARGET_NAME}";
				SDKROOT = watchos;
				SKIP_INSTALL = YES;
				TARGETED_DEVICE_FAMILY = 4;
				WATCHOS_DEPLOYMENT_TARGET = 2.0;
			};
			name = Debug;
		};
		1FC73D201D244B87005F81DA /* Release */ = {
			isa = XCBuildConfiguration;
			buildSettings = {
				CLANG_ANALYZER_NONNULL = YES;
				COPY_PHASE_STRIP = NO;
				DEBUG_INFORMATION_FORMAT = "dwarf-with-dsym";
				GCC_NO_COMMON_BLOCKS = YES;
				INFOPLIST_FILE = "SDwatchOSVersion Extension/Info.plist";
				LD_RUNPATH_SEARCH_PATHS = "$(inherited) @executable_path/Frameworks @executable_path/../../Frameworks";
				PRODUCT_BUNDLE_IDENTIFIER = com.dobrincusebastian.SDiOSVersion.watchkitapp.watchkitextension;
				PRODUCT_NAME = "${TARGET_NAME}";
				SDKROOT = watchos;
				SKIP_INSTALL = YES;
				TARGETED_DEVICE_FAMILY = 4;
				WATCHOS_DEPLOYMENT_TARGET = 2.0;
			};
			name = Release;
		};
		1FE53CDC1D3FF491005739A5 /* Debug */ = {
			isa = XCBuildConfiguration;
			buildSettings = {
				ASSETCATALOG_COMPILER_APPICON_NAME = "App Icon & Top Shelf Image";
				ASSETCATALOG_COMPILER_LAUNCHIMAGE_NAME = LaunchImage;
				CLANG_ANALYZER_NONNULL = YES;
				DEBUG_INFORMATION_FORMAT = dwarf;
				GCC_NO_COMMON_BLOCKS = YES;
				INFOPLIST_FILE = SDtvOSVersion/Info.plist;
				LD_RUNPATH_SEARCH_PATHS = "$(inherited) @executable_path/Frameworks";
				PRODUCT_BUNDLE_IDENTIFIER = com.dobrincusebastian.SDtvOSVersion;
				PRODUCT_NAME = "$(TARGET_NAME)";
				SDKROOT = appletvos;
				TARGETED_DEVICE_FAMILY = 3;
				TVOS_DEPLOYMENT_TARGET = 9.0;
			};
			name = Debug;
		};
		1FE53CDD1D3FF491005739A5 /* Release */ = {
			isa = XCBuildConfiguration;
			buildSettings = {
				ASSETCATALOG_COMPILER_APPICON_NAME = "App Icon & Top Shelf Image";
				ASSETCATALOG_COMPILER_LAUNCHIMAGE_NAME = LaunchImage;
				CLANG_ANALYZER_NONNULL = YES;
				COPY_PHASE_STRIP = NO;
				DEBUG_INFORMATION_FORMAT = "dwarf-with-dsym";
				GCC_NO_COMMON_BLOCKS = YES;
				INFOPLIST_FILE = SDtvOSVersion/Info.plist;
				LD_RUNPATH_SEARCH_PATHS = "$(inherited) @executable_path/Frameworks";
				PRODUCT_BUNDLE_IDENTIFIER = com.dobrincusebastian.SDtvOSVersion;
				PRODUCT_NAME = "$(TARGET_NAME)";
				SDKROOT = appletvos;
				TARGETED_DEVICE_FAMILY = 3;
				TVOS_DEPLOYMENT_TARGET = 9.0;
			};
			name = Release;
		};
		1FE53CDF1D3FF491005739A5 /* Debug */ = {
			isa = XCBuildConfiguration;
			buildSettings = {
				BUNDLE_LOADER = "$(TEST_HOST)";
				CLANG_ANALYZER_NONNULL = YES;
				DEBUG_INFORMATION_FORMAT = dwarf;
				GCC_NO_COMMON_BLOCKS = YES;
				INFOPLIST_FILE = SDtvOSVersionTests/Info.plist;
				LD_RUNPATH_SEARCH_PATHS = "$(inherited) @executable_path/Frameworks @loader_path/Frameworks";
				PRODUCT_BUNDLE_IDENTIFIER = com.dobrincusebastian.SDtvOSVersionTests;
				PRODUCT_NAME = "$(TARGET_NAME)";
				SDKROOT = appletvos;
				TEST_HOST = "$(BUILT_PRODUCTS_DIR)/SDtvOSVersion.app/SDtvOSVersion";
				TVOS_DEPLOYMENT_TARGET = 9.0;
			};
			name = Debug;
		};
		1FE53CE01D3FF491005739A5 /* Release */ = {
			isa = XCBuildConfiguration;
			buildSettings = {
				BUNDLE_LOADER = "$(TEST_HOST)";
				CLANG_ANALYZER_NONNULL = YES;
				COPY_PHASE_STRIP = NO;
				DEBUG_INFORMATION_FORMAT = "dwarf-with-dsym";
				GCC_NO_COMMON_BLOCKS = YES;
				INFOPLIST_FILE = SDtvOSVersionTests/Info.plist;
				LD_RUNPATH_SEARCH_PATHS = "$(inherited) @executable_path/Frameworks @loader_path/Frameworks";
				PRODUCT_BUNDLE_IDENTIFIER = com.dobrincusebastian.SDtvOSVersionTests;
				PRODUCT_NAME = "$(TARGET_NAME)";
				SDKROOT = appletvos;
				TEST_HOST = "$(BUILT_PRODUCTS_DIR)/SDtvOSVersion.app/SDtvOSVersion";
				TVOS_DEPLOYMENT_TARGET = 9.0;
			};
			name = Release;
		};
		9AA6626919BFABFC0055042F /* Debug */ = {
			isa = XCBuildConfiguration;
			buildSettings = {
				ALWAYS_SEARCH_USER_PATHS = NO;
				ASSETCATALOG_WARNINGS = NO;
				CLANG_CXX_LANGUAGE_STANDARD = "gnu++0x";
				CLANG_CXX_LIBRARY = "libc++";
				CLANG_ENABLE_MODULES = YES;
				CLANG_ENABLE_OBJC_ARC = YES;
				CLANG_WARN_BLOCK_CAPTURE_AUTORELEASING = YES;
				CLANG_WARN_BOOL_CONVERSION = YES;
				CLANG_WARN_COMMA = YES;
				CLANG_WARN_CONSTANT_CONVERSION = YES;
				CLANG_WARN_DIRECT_OBJC_ISA_USAGE = YES_ERROR;
				CLANG_WARN_EMPTY_BODY = YES;
				CLANG_WARN_ENUM_CONVERSION = YES;
				CLANG_WARN_INFINITE_RECURSION = YES;
				CLANG_WARN_INT_CONVERSION = YES;
				CLANG_WARN_NON_LITERAL_NULL_CONVERSION = YES;
				CLANG_WARN_OBJC_LITERAL_CONVERSION = YES;
				CLANG_WARN_OBJC_ROOT_CLASS = YES_ERROR;
				CLANG_WARN_RANGE_LOOP_ANALYSIS = YES;
				CLANG_WARN_STRICT_PROTOTYPES = YES;
				CLANG_WARN_SUSPICIOUS_MOVE = YES;
				CLANG_WARN_UNREACHABLE_CODE = YES;
				CLANG_WARN__DUPLICATE_METHOD_MATCH = YES;
				"CODE_SIGN_IDENTITY[sdk=iphoneos*]" = "iPhone Developer";
				COPY_PHASE_STRIP = NO;
				ENABLE_STRICT_OBJC_MSGSEND = YES;
				ENABLE_TESTABILITY = YES;
				GCC_C_LANGUAGE_STANDARD = gnu99;
				GCC_DYNAMIC_NO_PIC = NO;
				GCC_NO_COMMON_BLOCKS = YES;
				GCC_OPTIMIZATION_LEVEL = 0;
				GCC_PREPROCESSOR_DEFINITIONS = (
					"DEBUG=1",
					"$(inherited)",
				);
				GCC_SYMBOLS_PRIVATE_EXTERN = NO;
				GCC_WARN_64_TO_32_BIT_CONVERSION = YES;
				GCC_WARN_ABOUT_RETURN_TYPE = YES_ERROR;
				GCC_WARN_UNDECLARED_SELECTOR = YES;
				GCC_WARN_UNINITIALIZED_AUTOS = YES_AGGRESSIVE;
				GCC_WARN_UNUSED_FUNCTION = YES;
				GCC_WARN_UNUSED_VARIABLE = YES;
				IPHONEOS_DEPLOYMENT_TARGET = 8.0;
				MACOSX_DEPLOYMENT_TARGET = 10.9;
				MTL_ENABLE_DEBUG_INFO = YES;
				ONLY_ACTIVE_ARCH = YES;
				SDKROOT = iphoneos;
			};
			name = Debug;
		};
		9AA6626A19BFABFC0055042F /* Release */ = {
			isa = XCBuildConfiguration;
			buildSettings = {
				ALWAYS_SEARCH_USER_PATHS = NO;
				ASSETCATALOG_WARNINGS = NO;
				CLANG_CXX_LANGUAGE_STANDARD = "gnu++0x";
				CLANG_CXX_LIBRARY = "libc++";
				CLANG_ENABLE_MODULES = YES;
				CLANG_ENABLE_OBJC_ARC = YES;
				CLANG_WARN_BLOCK_CAPTURE_AUTORELEASING = YES;
				CLANG_WARN_BOOL_CONVERSION = YES;
				CLANG_WARN_COMMA = YES;
				CLANG_WARN_CONSTANT_CONVERSION = YES;
				CLANG_WARN_DIRECT_OBJC_ISA_USAGE = YES_ERROR;
				CLANG_WARN_EMPTY_BODY = YES;
				CLANG_WARN_ENUM_CONVERSION = YES;
				CLANG_WARN_INFINITE_RECURSION = YES;
				CLANG_WARN_INT_CONVERSION = YES;
				CLANG_WARN_NON_LITERAL_NULL_CONVERSION = YES;
				CLANG_WARN_OBJC_LITERAL_CONVERSION = YES;
				CLANG_WARN_OBJC_ROOT_CLASS = YES_ERROR;
				CLANG_WARN_RANGE_LOOP_ANALYSIS = YES;
				CLANG_WARN_STRICT_PROTOTYPES = YES;
				CLANG_WARN_SUSPICIOUS_MOVE = YES;
				CLANG_WARN_UNREACHABLE_CODE = YES;
				CLANG_WARN__DUPLICATE_METHOD_MATCH = YES;
				"CODE_SIGN_IDENTITY[sdk=iphoneos*]" = "iPhone Developer";
				COPY_PHASE_STRIP = YES;
				ENABLE_NS_ASSERTIONS = NO;
				ENABLE_STRICT_OBJC_MSGSEND = YES;
				GCC_C_LANGUAGE_STANDARD = gnu99;
				GCC_NO_COMMON_BLOCKS = YES;
				GCC_WARN_64_TO_32_BIT_CONVERSION = YES;
				GCC_WARN_ABOUT_RETURN_TYPE = YES_ERROR;
				GCC_WARN_UNDECLARED_SELECTOR = YES;
				GCC_WARN_UNINITIALIZED_AUTOS = YES_AGGRESSIVE;
				GCC_WARN_UNUSED_FUNCTION = YES;
				GCC_WARN_UNUSED_VARIABLE = YES;
				IPHONEOS_DEPLOYMENT_TARGET = 8.0;
				MACOSX_DEPLOYMENT_TARGET = 10.9;
				MTL_ENABLE_DEBUG_INFO = NO;
				SDKROOT = iphoneos;
				SWIFT_OPTIMIZATION_LEVEL = "-Owholemodule";
				VALIDATE_PRODUCT = YES;
			};
			name = Release;
		};
		9AA6626C19BFABFC0055042F /* Debug */ = {
			isa = XCBuildConfiguration;
			buildSettings = {
				ASSETCATALOG_COMPILER_APPICON_NAME = AppIcon;
				ASSETCATALOG_WARNINGS = NO;
				CODE_SIGN_IDENTITY = "";
				"CODE_SIGN_IDENTITY[sdk=iphoneos*]" = "";
				IBSC_WARNINGS = YES;
				INFOPLIST_FILE = SDiOSVersion/Info.plist;
				IPHONEOS_DEPLOYMENT_TARGET = 8.0;
				LD_RUNPATH_SEARCH_PATHS = "$(inherited) @executable_path/Frameworks";
				PRODUCT_BUNDLE_IDENTIFIER = "com.dobrincusebastian.$(PRODUCT_NAME:rfc1034identifier)";
				PRODUCT_NAME = "$(TARGET_NAME)";
				PROVISIONING_PROFILE = "";
			};
			name = Debug;
		};
		9AA6626D19BFABFC0055042F /* Release */ = {
			isa = XCBuildConfiguration;
			buildSettings = {
				ASSETCATALOG_COMPILER_APPICON_NAME = AppIcon;
				ASSETCATALOG_WARNINGS = NO;
				CODE_SIGN_IDENTITY = "";
				IBSC_WARNINGS = YES;
				INFOPLIST_FILE = SDiOSVersion/Info.plist;
				IPHONEOS_DEPLOYMENT_TARGET = 8.0;
				LD_RUNPATH_SEARCH_PATHS = "$(inherited) @executable_path/Frameworks";
				PRODUCT_BUNDLE_IDENTIFIER = "com.dobrincusebastian.$(PRODUCT_NAME:rfc1034identifier)";
				PRODUCT_NAME = "$(TARGET_NAME)";
				PROVISIONING_PROFILE = "";
			};
			name = Release;
		};
		9AA6626F19BFABFC0055042F /* Debug */ = {
			isa = XCBuildConfiguration;
			buildSettings = {
				BUNDLE_LOADER = "$(TEST_HOST)";
				CLANG_ENABLE_MODULES = YES;
				FRAMEWORK_SEARCH_PATHS = (
					"$(SDKROOT)/Developer/Library/Frameworks",
					"$(inherited)",
				);
				GCC_PREPROCESSOR_DEFINITIONS = (
					"DEBUG=1",
					"$(inherited)",
				);
				INFOPLIST_FILE = SDiOSVersionTests/Info.plist;
				IPHONEOS_DEPLOYMENT_TARGET = 8.0;
				LD_RUNPATH_SEARCH_PATHS = "$(inherited) @executable_path/Frameworks @loader_path/Frameworks";
				PRODUCT_BUNDLE_IDENTIFIER = "com.dobrincusebastian.$(PRODUCT_NAME:rfc1034identifier)";
				PRODUCT_NAME = "$(TARGET_NAME)";
				SWIFT_OBJC_BRIDGING_HEADER = "SDiOSVersionTests/SDiOSVersionTests-Bridging-Header.h";
				SWIFT_OPTIMIZATION_LEVEL = "-Onone";
				SWIFT_VERSION = 3.0;
				TEST_HOST = "$(BUILT_PRODUCTS_DIR)/SDiOSVersion.app/SDiOSVersion";
			};
			name = Debug;
		};
		9AA6627019BFABFC0055042F /* Release */ = {
			isa = XCBuildConfiguration;
			buildSettings = {
				BUNDLE_LOADER = "$(TEST_HOST)";
				CLANG_ENABLE_MODULES = YES;
				FRAMEWORK_SEARCH_PATHS = (
					"$(SDKROOT)/Developer/Library/Frameworks",
					"$(inherited)",
				);
				INFOPLIST_FILE = SDiOSVersionTests/Info.plist;
				IPHONEOS_DEPLOYMENT_TARGET = 8.0;
				LD_RUNPATH_SEARCH_PATHS = "$(inherited) @executable_path/Frameworks @loader_path/Frameworks";
				PRODUCT_BUNDLE_IDENTIFIER = "com.dobrincusebastian.$(PRODUCT_NAME:rfc1034identifier)";
				PRODUCT_NAME = "$(TARGET_NAME)";
				SWIFT_OBJC_BRIDGING_HEADER = "SDiOSVersionTests/SDiOSVersionTests-Bridging-Header.h";
				SWIFT_VERSION = 3.0;
				TEST_HOST = "$(BUILT_PRODUCTS_DIR)/SDiOSVersion.app/SDiOSVersion";
			};
			name = Release;
		};
		E2D975351B8265E000675936 /* Debug */ = {
			isa = XCBuildConfiguration;
			buildSettings = {
				ASSETCATALOG_COMPILER_APPICON_NAME = AppIcon;
				CODE_SIGN_IDENTITY = "";
				COMBINE_HIDPI_IMAGES = YES;
				DEBUG_INFORMATION_FORMAT = dwarf;
				GCC_NO_COMMON_BLOCKS = YES;
				GCC_PREPROCESSOR_DEFINITIONS = (
					"DEBUG=1",
					"$(inherited)",
				);
				INFOPLIST_FILE = SDMacVersion/Info.plist;
				LD_RUNPATH_SEARCH_PATHS = "$(inherited) @executable_path/../Frameworks";
				MACOSX_DEPLOYMENT_TARGET = 10.9;
				PRODUCT_BUNDLE_IDENTIFIER = "com.dobrincusebastian.$(PRODUCT_NAME:rfc1034identifier)";
				PRODUCT_NAME = "$(TARGET_NAME)";
				SDKROOT = macosx;
			};
			name = Debug;
		};
		E2D975361B8265E000675936 /* Release */ = {
			isa = XCBuildConfiguration;
			buildSettings = {
				ASSETCATALOG_COMPILER_APPICON_NAME = AppIcon;
				CODE_SIGN_IDENTITY = "";
				COMBINE_HIDPI_IMAGES = YES;
				COPY_PHASE_STRIP = NO;
				DEBUG_INFORMATION_FORMAT = "dwarf-with-dsym";
				GCC_NO_COMMON_BLOCKS = YES;
				INFOPLIST_FILE = SDMacVersion/Info.plist;
				LD_RUNPATH_SEARCH_PATHS = "$(inherited) @executable_path/../Frameworks";
				MACOSX_DEPLOYMENT_TARGET = 10.9;
				PRODUCT_BUNDLE_IDENTIFIER = "com.dobrincusebastian.$(PRODUCT_NAME:rfc1034identifier)";
				PRODUCT_NAME = "$(TARGET_NAME)";
				SDKROOT = macosx;
			};
			name = Release;
		};
		E2D975371B8265E000675936 /* Debug */ = {
			isa = XCBuildConfiguration;
			buildSettings = {
				BUNDLE_LOADER = "$(TEST_HOST)";
				CLANG_ENABLE_MODULES = YES;
				COMBINE_HIDPI_IMAGES = YES;
				DEBUG_INFORMATION_FORMAT = dwarf;
				FRAMEWORK_SEARCH_PATHS = (
					"$(DEVELOPER_FRAMEWORKS_DIR)",
					"$(inherited)",
				);
				GCC_NO_COMMON_BLOCKS = YES;
				GCC_PREPROCESSOR_DEFINITIONS = (
					"DEBUG=1",
					"$(inherited)",
				);
				INFOPLIST_FILE = SDMacVersionTests/Info.plist;
				LD_RUNPATH_SEARCH_PATHS = "$(inherited) @executable_path/../Frameworks @loader_path/../Frameworks";
				MACOSX_DEPLOYMENT_TARGET = 10.9;
				PRODUCT_BUNDLE_IDENTIFIER = "com.dobrincusebastian.$(PRODUCT_NAME:rfc1034identifier)";
				PRODUCT_NAME = "$(TARGET_NAME)";
				SDKROOT = macosx;
				SWIFT_OBJC_BRIDGING_HEADER = "SDMacVersionTests/SDMacVersionTests-Bridging-Header.h";
				SWIFT_OPTIMIZATION_LEVEL = "-Onone";
				SWIFT_VERSION = 3.0;
				TEST_HOST = "$(BUILT_PRODUCTS_DIR)/SDMacVersion.app/Contents/MacOS/SDMacVersion";
			};
			name = Debug;
		};
		E2D975381B8265E000675936 /* Release */ = {
			isa = XCBuildConfiguration;
			buildSettings = {
				BUNDLE_LOADER = "$(TEST_HOST)";
				CLANG_ENABLE_MODULES = YES;
				COMBINE_HIDPI_IMAGES = YES;
				COPY_PHASE_STRIP = NO;
				DEBUG_INFORMATION_FORMAT = "dwarf-with-dsym";
				FRAMEWORK_SEARCH_PATHS = (
					"$(DEVELOPER_FRAMEWORKS_DIR)",
					"$(inherited)",
				);
				GCC_NO_COMMON_BLOCKS = YES;
				INFOPLIST_FILE = SDMacVersionTests/Info.plist;
				LD_RUNPATH_SEARCH_PATHS = "$(inherited) @executable_path/../Frameworks @loader_path/../Frameworks";
				MACOSX_DEPLOYMENT_TARGET = 10.9;
				PRODUCT_BUNDLE_IDENTIFIER = "com.dobrincusebastian.$(PRODUCT_NAME:rfc1034identifier)";
				PRODUCT_NAME = "$(TARGET_NAME)";
				SDKROOT = macosx;
				SWIFT_OBJC_BRIDGING_HEADER = "SDMacVersionTests/SDMacVersionTests-Bridging-Header.h";
				SWIFT_VERSION = 3.0;
				TEST_HOST = "$(BUILT_PRODUCTS_DIR)/SDMacVersion.app/Contents/MacOS/SDMacVersion";
			};
			name = Release;
		};
/* End XCBuildConfiguration section */

/* Begin XCConfigurationList section */
		1FC73D211D244B87005F81DA /* Build configuration list for PBXNativeTarget "SDwatchOSVersion Extension" */ = {
			isa = XCConfigurationList;
			buildConfigurations = (
				1FC73D1F1D244B87005F81DA /* Debug */,
				1FC73D201D244B87005F81DA /* Release */,
			);
			defaultConfigurationIsVisible = 0;
			defaultConfigurationName = Release;
		};
		1FC73D231D244B87005F81DA /* Build configuration list for PBXNativeTarget "SDwatchOSVersion" */ = {
			isa = XCConfigurationList;
			buildConfigurations = (
				1FC73D1D1D244B87005F81DA /* Debug */,
				1FC73D1E1D244B87005F81DA /* Release */,
			);
			defaultConfigurationIsVisible = 0;
			defaultConfigurationName = Release;
		};
		1FE53CDB1D3FF491005739A5 /* Build configuration list for PBXNativeTarget "SDtvOSVersion" */ = {
			isa = XCConfigurationList;
			buildConfigurations = (
				1FE53CDC1D3FF491005739A5 /* Debug */,
				1FE53CDD1D3FF491005739A5 /* Release */,
			);
			defaultConfigurationIsVisible = 0;
			defaultConfigurationName = Release;
		};
		1FE53CDE1D3FF491005739A5 /* Build configuration list for PBXNativeTarget "SDtvOSVersionTests" */ = {
			isa = XCConfigurationList;
			buildConfigurations = (
				1FE53CDF1D3FF491005739A5 /* Debug */,
				1FE53CE01D3FF491005739A5 /* Release */,
			);
			defaultConfigurationIsVisible = 0;
			defaultConfigurationName = Release;
		};
		9AA6624319BFABFC0055042F /* Build configuration list for PBXProject "SDVersion" */ = {
			isa = XCConfigurationList;
			buildConfigurations = (
				9AA6626919BFABFC0055042F /* Debug */,
				9AA6626A19BFABFC0055042F /* Release */,
			);
			defaultConfigurationIsVisible = 0;
			defaultConfigurationName = Release;
		};
		9AA6626B19BFABFC0055042F /* Build configuration list for PBXNativeTarget "SDiOSVersion" */ = {
			isa = XCConfigurationList;
			buildConfigurations = (
				9AA6626C19BFABFC0055042F /* Debug */,
				9AA6626D19BFABFC0055042F /* Release */,
			);
			defaultConfigurationIsVisible = 0;
			defaultConfigurationName = Release;
		};
		9AA6626E19BFABFC0055042F /* Build configuration list for PBXNativeTarget "SDiOSVersionTests" */ = {
			isa = XCConfigurationList;
			buildConfigurations = (
				9AA6626F19BFABFC0055042F /* Debug */,
				9AA6627019BFABFC0055042F /* Release */,
			);
			defaultConfigurationIsVisible = 0;
			defaultConfigurationName = Release;
		};
		E2D975391B8265E000675936 /* Build configuration list for PBXNativeTarget "SDMacVersion" */ = {
			isa = XCConfigurationList;
			buildConfigurations = (
				E2D975351B8265E000675936 /* Debug */,
				E2D975361B8265E000675936 /* Release */,
			);
			defaultConfigurationIsVisible = 0;
			defaultConfigurationName = Release;
		};
		E2D9753A1B8265E000675936 /* Build configuration list for PBXNativeTarget "SDMacVersionTests" */ = {
			isa = XCConfigurationList;
			buildConfigurations = (
				E2D975371B8265E000675936 /* Debug */,
				E2D975381B8265E000675936 /* Release */,
			);
			defaultConfigurationIsVisible = 0;
			defaultConfigurationName = Release;
		};
/* End XCConfigurationList section */
	};
	rootObject = 9AA6624019BFABFC0055042F /* Project object */;
}
